<?xml version="1.0" encoding="utf-8"?>
<Project ToolsVersion="4.0" xmlns="http://schemas.microsoft.com/developer/msbuild/2003">
  <ItemGroup>
    <Filter Include="Source Files">
      <UniqueIdentifier>{d172976c-738c-43be-8ef9-85cf7b612e55}</UniqueIdentifier>
      <Extensions>cpp;c;cxx;rc;def;r;odl;idl;hpj;bat</Extensions>
    </Filter>
    <Filter Include="Header Files">
      <UniqueIdentifier>{a180c8d9-d81d-4f9e-9a43-1062a49fc171}</UniqueIdentifier>
      <Extensions>h;hpp;hxx;hm;inl</Extensions>
    </Filter>
    <Filter Include="Resource Files">
      <UniqueIdentifier>{1c8718c3-49cd-4da0-a847-7c19d0891023}</UniqueIdentifier>
      <Extensions>ico;cur;bmp;dlg;rc2;rct;bin;rgs;gif;jpg;jpeg;jpe</Extensions>
    </Filter>
  </ItemGroup>
  <ItemGroup>
    <ClCompile Include="nsProcess.c">
      <Filter>Source Files</Filter>
    </ClCompile>
    <ClCompile Include="pluginapi.c">
      <Filter>Source Files</Filter>
    </ClCompile>
  </ItemGroup>
  <ItemGroup>
    <ClInclude Include="api.h">
      <Filter>Header Files</Filter>
    </ClInclude>
    <ClInclude Include="nsis_tchar.h">
      <Filter>Header Files</Filter>
    </ClInclude>
    <ClInclude Include="pluginapi.h">
      <Filter>Header Files</Filter>
    </ClInclude>
  </ItemGroup>
</Project>